
Microsoft Visual Studio Solution File, Format Version 12.00
# Visual Studio Version 17
VisualStudioVersion = 17.1.32210.238
MinimumVisualStudioVersion = 10.0.40219.1
Project("{FAE04EC0-301F-11D3-BF4B-00C04F79EFBC}") = "Game2048", "Game2048\Game2048.csproj", "{C37E8308-4972-4D1B-8CBD-BE5005B32BBA}"
EndProject
Global
	GlobalSection(SolutionConfigurationPlatforms) = preSolution
		Debug|Any CPU = Debug|Any CPU
		Release|Any CPU = Release|Any CPU
	EndGlobalSection
	GlobalSection(ProjectConfigurationPlatforms) = postSolution
		{C37E8308-4972-4D1B-8CBD-BE5005B32BBA}.Debug|Any CPU.ActiveCfg = Debug|Any CPU
		{C37E8308-4972-4D1B-8CBD-BE5005B32BBA}.Debug|Any CPU.Build.0 = Debug|Any CPU
		{C37E8308-4972-4D1B-8CBD-BE5005B32BBA}.Release|Any CPU.ActiveCfg = Release|Any CPU
		{C37E8308-4972-4D1B-8CBD-BE5005B32BBA}.Release|Any CPU.Build.0 = Release|Any CPU
	EndGlobalSection
	GlobalSection(SolutionProperties) = preSolution
		HideSolutionNode = FALSE
	EndGlobalSection
	GlobalSection(ExtensibilityGlobals) = postSolution
		SolutionGuid = {6D4BAA1C-40D6-486F-ACBA-938B59C8E162}
	EndGlobalSection
EndGlobal
